{
  "originHash" : "0037cd1ddb0122fc5735e6a73041c8adbb7ddec047d9564c8044745ed5d7ef92",
  "pins" : [
    {
      "identity" : "libcmark_gfm",
      "kind" : "remoteSourceControl",
      "location" : "https://github.com/KristopherGBaker/libcmark_gfm",
      "state" : {
        "revision" : "adfab58d571f9e8d1447e7e876ca381d7f0f6cdb",
        "version" : "0.29.4"
      }
    }
  ],
  "version" : 3
}
